
Microsoft Visual Studio Solution File, Format Version 12.00
# Visual Studio Version 17
VisualStudioVersion = 17.4.33403.182
MinimumVisualStudioVersion = 10.0.40219.1
Project("{FAE04EC0-301F-11D3-BF4B-00C04F79EFBC}") = "ClangBot", "ClangBot\ClangBot.csproj", "{D4286EF9-EF5B-4248-8BAB-F565D7767F40}"
EndProject
Global
	GlobalSection(SolutionConfigurationPlatforms) = preSolution
		Debug|Any CPU = Debug|Any CPU
		Release|Any CPU = Release|Any CPU
	EndGlobalSection
	GlobalSection(ProjectConfigurationPlatforms) = postSolution
		{D4286EF9-EF5B-4248-8BAB-F565D7767F40}.Debug|Any CPU.ActiveCfg = Debug|Any CPU
		{D4286EF9-EF5B-4248-8BAB-F565D7767F40}.Debug|Any CPU.Build.0 = Debug|Any CPU
		{D4286EF9-EF5B-4248-8BAB-F565D7767F40}.Release|Any CPU.ActiveCfg = Release|Any CPU
		{D4286EF9-EF5B-4248-8BAB-F565D7767F40}.Release|Any CPU.Build.0 = Release|Any CPU
	EndGlobalSection
	GlobalSection(SolutionProperties) = preSolution
		HideSolutionNode = FALSE
	EndGlobalSection
	GlobalSection(ExtensibilityGlobals) = postSolution
		SolutionGuid = {D8E0A74A-BC26-4B33-96F1-F10FD166AC02}
	EndGlobalSection
EndGlobal
